
Microsoft Visual Studio Solution File, Format Version 12.00
# Visual Studio Version 17
VisualStudioVersion = 17.0.32126.317
MinimumVisualStudioVersion = 10.0.40219.1
Project("{9A19103F-16F7-4668-BE54-9A1E7A4F7556}") = "DataAccess", "DataAccess\DataAccess.csproj", "{1FD250EE-4AEE-4F04-B381-29234AFEE33F}"
EndProject
Project("{9A19103F-16F7-4668-BE54-9A1E7A4F7556}") = "Business", "Business\Business.csproj", "{2175F345-27FA-4F40-9325-26E0AFD07B67}"
EndProject
Project("{9A19103F-16F7-4668-BE54-9A1E7A4F7556}") = "Entities", "Entities\Entities.csproj", "{C53CED5C-9B51-4DCD-9240-F49C8ABDFCF0}"
EndProject
Project("{9A19103F-16F7-4668-BE54-9A1E7A4F7556}") = "ConsoleUI", "ConsoleUI\ConsoleUI.csproj", "{56C2AF62-B5F9-4F61-8448-F49D805E1835}"
EndProject
Project("{9A19103F-16F7-4668-BE54-9A1E7A4F7556}") = "Core", "Core\Core.csproj", "{848E1DD7-619B-477D-A1F7-0DEAB139A0E3}"
EndProject
Project("{FAE04EC0-301F-11D3-BF4B-00C04F79EFBC}") = "WebAPI", "WebAPI\WebAPI.csproj", "{3301D026-4550-4538-B388-9D924DDB0118}"
EndProject
Global
	GlobalSection(SolutionConfigurationPlatforms) = preSolution
		Debug|Any CPU = Debug|Any CPU
		Release|Any CPU = Release|Any CPU
	EndGlobalSection
	GlobalSection(ProjectConfigurationPlatforms) = postSolution
		{1FD250EE-4AEE-4F04-B381-29234AFEE33F}.Debug|Any CPU.ActiveCfg = Debug|Any CPU
		{1FD250EE-4AEE-4F04-B381-29234AFEE33F}.Debug|Any CPU.Build.0 = Debug|Any CPU
		{1FD250EE-4AEE-4F04-B381-29234AFEE33F}.Release|Any CPU.ActiveCfg = Release|Any CPU
		{1FD250EE-4AEE-4F04-B381-29234AFEE33F}.Release|Any CPU.Build.0 = Release|Any CPU
		{2175F345-27FA-4F40-9325-26E0AFD07B67}.Debug|Any CPU.ActiveCfg = Debug|Any CPU
		{2175F345-27FA-4F40-9325-26E0AFD07B67}.Debug|Any CPU.Build.0 = Debug|Any CPU
		{2175F345-27FA-4F40-9325-26E0AFD07B67}.Release|Any CPU.ActiveCfg = Release|Any CPU
		{2175F345-27FA-4F40-9325-26E0AFD07B67}.Release|Any CPU.Build.0 = Release|Any CPU
		{C53CED5C-9B51-4DCD-9240-F49C8ABDFCF0}.Debug|Any CPU.ActiveCfg = Debug|Any CPU
		{C53CED5C-9B51-4DCD-9240-F49C8ABDFCF0}.Debug|Any CPU.Build.0 = Debug|Any CPU
		{C53CED5C-9B51-4DCD-9240-F49C8ABDFCF0}.Release|Any CPU.ActiveCfg = Release|Any CPU
		{C53CED5C-9B51-4DCD-9240-F49C8ABDFCF0}.Release|Any CPU.Build.0 = Release|Any CPU
		{56C2AF62-B5F9-4F61-8448-F49D805E1835}.Debug|Any CPU.ActiveCfg = Debug|Any CPU
		{56C2AF62-B5F9-4F61-8448-F49D805E1835}.Debug|Any CPU.Build.0 = Debug|Any CPU
		{56C2AF62-B5F9-4F61-8448-F49D805E1835}.Release|Any CPU.ActiveCfg = Release|Any CPU
		{56C2AF62-B5F9-4F61-8448-F49D805E1835}.Release|Any CPU.Build.0 = Release|Any CPU
		{848E1DD7-619B-477D-A1F7-0DEAB139A0E3}.Debug|Any CPU.ActiveCfg = Debug|Any CPU
		{848E1DD7-619B-477D-A1F7-0DEAB139A0E3}.Debug|Any CPU.Build.0 = Debug|Any CPU
		{848E1DD7-619B-477D-A1F7-0DEAB139A0E3}.Release|Any CPU.ActiveCfg = Release|Any CPU
		{848E1DD7-619B-477D-A1F7-0DEAB139A0E3}.Release|Any CPU.Build.0 = Release|Any CPU
		{3301D026-4550-4538-B388-9D924DDB0118}.Debug|Any CPU.ActiveCfg = Debug|Any CPU
		{3301D026-4550-4538-B388-9D924DDB0118}.Debug|Any CPU.Build.0 = Debug|Any CPU
		{3301D026-4550-4538-B388-9D924DDB0118}.Release|Any CPU.ActiveCfg = Release|Any CPU
		{3301D026-4550-4538-B388-9D924DDB0118}.Release|Any CPU.Build.0 = Release|Any CPU
	EndGlobalSection
	GlobalSection(SolutionProperties) = preSolution
		HideSolutionNode = FALSE
	EndGlobalSection
	GlobalSection(ExtensibilityGlobals) = postSolution
		SolutionGuid = {A66C4836-E9EC-4818-B958-5FAABF3FDA33}
	EndGlobalSection
EndGlobal
